
Microsoft Visual Studio Solution File, Format Version 12.00
# Visual Studio Version 16
VisualStudioVersion = 16.0.30907.101
MinimumVisualStudioVersion = 10.0.40219.1
Project("{9A19103F-16F7-4668-BE54-9A1E7A4F7556}") = "ClientGenerator", "ClientGenerator\ClientGenerator.csproj", "{687DF622-C1DB-4040-AB16-1F980BDE91DF}"
EndProject
Project("{9A19103F-16F7-4668-BE54-9A1E7A4F7556}") = "SDK", "SDK\SDK.csproj", "{CB2AFDCE-D172-405D-980F-F6C53FC605C6}"
EndProject
Project("{9A19103F-16F7-4668-BE54-9A1E7A4F7556}") = "Client", "Client\Client.csproj", "{463E3C25-086B-4F04-8AE9-F276505B76B2}"
EndProject
Project("{2150E333-8FDC-42A3-9474-1A3956D46DE8}") = "Solution Items", "Solution Items", "{DAE7B3C1-F0EE-46B2-A52A-21D6D3250130}"
	ProjectSection(SolutionItems) = preProject
		Readme.md = Readme.md
	EndProjectSection
EndProject
Global
	GlobalSection(SolutionConfigurationPlatforms) = preSolution
		Debug|Any CPU = Debug|Any CPU
		Release|Any CPU = Release|Any CPU
	EndGlobalSection
	GlobalSection(ProjectConfigurationPlatforms) = postSolution
		{687DF622-C1DB-4040-AB16-1F980BDE91DF}.Debug|Any CPU.ActiveCfg = Debug|Any CPU
		{687DF622-C1DB-4040-AB16-1F980BDE91DF}.Debug|Any CPU.Build.0 = Debug|Any CPU
		{687DF622-C1DB-4040-AB16-1F980BDE91DF}.Release|Any CPU.ActiveCfg = Release|Any CPU
		{687DF622-C1DB-4040-AB16-1F980BDE91DF}.Release|Any CPU.Build.0 = Release|Any CPU
		{CB2AFDCE-D172-405D-980F-F6C53FC605C6}.Debug|Any CPU.ActiveCfg = Debug|Any CPU
		{CB2AFDCE-D172-405D-980F-F6C53FC605C6}.Debug|Any CPU.Build.0 = Debug|Any CPU
		{CB2AFDCE-D172-405D-980F-F6C53FC605C6}.Release|Any CPU.ActiveCfg = Release|Any CPU
		{CB2AFDCE-D172-405D-980F-F6C53FC605C6}.Release|Any CPU.Build.0 = Release|Any CPU
		{463E3C25-086B-4F04-8AE9-F276505B76B2}.Debug|Any CPU.ActiveCfg = Debug|Any CPU
		{463E3C25-086B-4F04-8AE9-F276505B76B2}.Debug|Any CPU.Build.0 = Debug|Any CPU
		{463E3C25-086B-4F04-8AE9-F276505B76B2}.Release|Any CPU.ActiveCfg = Release|Any CPU
		{463E3C25-086B-4F04-8AE9-F276505B76B2}.Release|Any CPU.Build.0 = Release|Any CPU
	EndGlobalSection
	GlobalSection(SolutionProperties) = preSolution
		HideSolutionNode = FALSE
	EndGlobalSection
	GlobalSection(ExtensibilityGlobals) = postSolution
		SolutionGuid = {82D84588-2671-46E0-A382-A70BC3CC28C8}
	EndGlobalSection
EndGlobal
